
Microsoft Visual Studio Solution File, Format Version 12.00
# Visual Studio 14
VisualStudioVersion = 14.0.25420.1
MinimumVisualStudioVersion = 10.0.40219.1
Project("{FAE04EC0-301F-11D3-BF4B-00C04F79EFBC}") = "PeselValidator", "PeselValidator\PeselValidator.csproj", "{6C72E137-4C00-4B56-B78B-0067BA2C7F40}"
EndProject
Project("{FAE04EC0-301F-11D3-BF4B-00C04F79EFBC}") = "PeselValidator.Tests", "PeselValidator.Tests\PeselValidator.Tests.csproj", "{EEFAB9C2-5222-48F0-A4EF-1D2F388C4265}"
EndProject
Global
	GlobalSection(SolutionConfigurationPlatforms) = preSolution
		Debug|Any CPU = Debug|Any CPU
		Release|Any CPU = Release|Any CPU
	EndGlobalSection
	GlobalSection(ProjectConfigurationPlatforms) = postSolution
		{6C72E137-4C00-4B56-B78B-0067BA2C7F40}.Debug|Any CPU.ActiveCfg = Debug|Any CPU
		{6C72E137-4C00-4B56-B78B-0067BA2C7F40}.Debug|Any CPU.Build.0 = Debug|Any CPU
		{6C72E137-4C00-4B56-B78B-0067BA2C7F40}.Release|Any CPU.ActiveCfg = Release|Any CPU
		{6C72E137-4C00-4B56-B78B-0067BA2C7F40}.Release|Any CPU.Build.0 = Release|Any CPU
		{EEFAB9C2-5222-48F0-A4EF-1D2F388C4265}.Debug|Any CPU.ActiveCfg = Debug|Any CPU
		{EEFAB9C2-5222-48F0-A4EF-1D2F388C4265}.Debug|Any CPU.Build.0 = Debug|Any CPU
		{EEFAB9C2-5222-48F0-A4EF-1D2F388C4265}.Release|Any CPU.ActiveCfg = Release|Any CPU
		{EEFAB9C2-5222-48F0-A4EF-1D2F388C4265}.Release|Any CPU.Build.0 = Release|Any CPU
	EndGlobalSection
	GlobalSection(SolutionProperties) = preSolution
		HideSolutionNode = FALSE
	EndGlobalSection
EndGlobal
